<?xml version="1.0" encoding="utf-8"?>
<Project ToolsVersion="4.0" xmlns="http://schemas.microsoft.com/developer/msbuild/2003">
  <ItemGroup>
    <Filter Include="Source Files">
      <UniqueIdentifier>{4FC737F1-C7A5-4376-A066-2A32D752A2FF}</UniqueIdentifier>
      <Extensions>cpp;c;cc;cxx;def;odl;idl;hpj;bat;asm;asmx</Extensions>
    </Filter>
    <Filter Include="Resource Files">
      <UniqueIdentifier>{67DA6AB6-F800-4c08-8B7A-83BB121AAD01}</UniqueIdentifier>
      <Extensions>rc;ico;cur;bmp;dlg;rc2;rct;bin;rgs;gif;jpg;jpeg;jpe;resx;tiff;tif;png;wav;mfcribbon-ms</Extensions>
    </Filter>
    <Filter Include="Math">
      <UniqueIdentifier>{cd4bfb4d-d970-4524-bb78-fdd7fdfbc312}</UniqueIdentifier>
    </Filter>
    <Filter Include="Physics">
      <UniqueIdentifier>{bef628c4-01a6-4a44-9ac0-8cfec32359c3}</UniqueIdentifier>
    </Filter>
    <Filter Include="OLCEngine">
      <UniqueIdentifier>{83b549c9-abce-445a-a240-2d35f35290a5}</UniqueIdentifier>
    </Filter>
    <Filter Include="Game">
      <UniqueIdentifier>{361d6df7-2c0b-48fa-b86b-c23887be3f50}</UniqueIdentifier>
    </Filter>
  </ItemGroup>
  <ItemGroup>
    <ClInclude Include="Math\transformation3D.h">
      <Filter>Math</Filter>
    </ClInclude>
    <ClInclude Include="Math\Vector3D.h">
      <Filter>Math</Filter>
    </ClInclude>
    <ClInclude Include="OLCEngine\olcPixelGameEngine.h">
      <Filter>OLCEngine</Filter>
    </ClInclude>
    <ClInclude Include="OLCEngine\Polygon3D.h">
      <Filter>OLCEngine</Filter>
    </ClInclude>
    <ClInclude Include="Physics\CollisionInfo.h">
      <Filter>Physics</Filter>
    </ClInclude>
    <ClInclude Include="Physics\ConvexHull.h">
      <Filter>Physics</Filter>
    </ClInclude>
    <ClInclude Include="Physics\OctreeNode.h">
      <Filter>Physics</Filter>
    </ClInclude>
    <ClInclude Include="Physics\PhysicsEngine.h">
      <Filter>Physics</Filter>
    </ClInclude>
    <ClInclude Include="Physics\RigidBody.h">
      <Filter>Physics</Filter>
    </ClInclude>
    <ClInclude Include="Physics\RigidSurface.h">
      <Filter>Physics</Filter>
    </ClInclude>
    <ClInclude Include="Math\Rotor.h">
      <Filter>Math</Filter>
    </ClInclude>
    <ClInclude Include="OLCEngine\PixelEngine3D.h">
      <Filter>OLCEngine</Filter>
    </ClInclude>
    <ClInclude Include="Game\Drawable.h">
      <Filter>Game</Filter>
    </ClInclude>
    <ClInclude Include="Game\PhysicsObject.h">
      <Filter>Game</Filter>
    </ClInclude>
    <ClInclude Include="Game\PolyModel.h">
      <Filter>Game</Filter>
    </ClInclude>
    <ClInclude Include="Game\Asteroid.h">
      <Filter>Game</Filter>
    </ClInclude>
    <ClInclude Include="Game\MovingObject.h">
      <Filter>Game</Filter>
    </ClInclude>
    <ClInclude Include="Game\Updatable.h">
      <Filter>Game</Filter>
    </ClInclude>
    <ClInclude Include="Game\SpaceMinerGame.h">
      <Filter>Game</Filter>
    </ClInclude>
    <ClInclude Include="Game\Player.h">
      <Filter>Game</Filter>
    </ClInclude>
    <ClInclude Include="Game\Bullet.h">
      <Filter>Game</Filter>
    </ClInclude>
    <ClInclude Include="Game\CooldownTimer.h">
      <Filter>Game</Filter>
    </ClInclude>
    <ClInclude Include="Game\Projectile.h">
      <Filter>Game</Filter>
    </ClInclude>
    <ClInclude Include="Game\Particle.h">
      <Filter>Game</Filter>
    </ClInclude>
    <ClInclude Include="Game\Enemy.h">
      <Filter>Game</Filter>
    </ClInclude>
    <ClInclude Include="Game\Expireable.h">
      <Filter>Game</Filter>
    </ClInclude>
    <ClInclude Include="Game\Damageable.h">
      <Filter>Game</Filter>
    </ClInclude>
    <ClInclude Include="Game\Debris.h">
      <Filter>Game</Filter>
    </ClInclude>
    <ClInclude Include="Game\Ore.h">
      <Filter>Game</Filter>
    </ClInclude>
    <ClInclude Include="Game\Missile.h">
      <Filter>Game</Filter>
    </ClInclude>
    <ClInclude Include="Game\SpaceStation.h">
      <Filter>Game</Filter>
    </ClInclude>
    <ClInclude Include="Math\Matrix33.h">
      <Filter>Math</Filter>
    </ClInclude>
  </ItemGroup>
  <ItemGroup>
    <ClCompile Include="Math\Vector3D.cpp">
      <Filter>Math</Filter>
    </ClCompile>
    <ClCompile Include="OLCEngine\Polygon3D.cpp">
      <Filter>OLCEngine</Filter>
    </ClCompile>
    <ClCompile Include="Physics\CollisionInfo.cpp">
      <Filter>Physics</Filter>
    </ClCompile>
    <ClCompile Include="Physics\ConvexHull.cpp">
      <Filter>Physics</Filter>
    </ClCompile>
    <ClCompile Include="Physics\OctreeNode.cpp">
      <Filter>Physics</Filter>
    </ClCompile>
    <ClCompile Include="Physics\PhysicsEngine.cpp">
      <Filter>Physics</Filter>
    </ClCompile>
    <ClCompile Include="Physics\RigidBody.cpp">
      <Filter>Physics</Filter>
    </ClCompile>
    <ClCompile Include="Physics\RigidSurface.cpp">
      <Filter>Physics</Filter>
    </ClCompile>
    <ClCompile Include="Math\Rotor.cpp">
      <Filter>Math</Filter>
    </ClCompile>
    <ClCompile Include="Game\PhysicsObject.cpp">
      <Filter>Game</Filter>
    </ClCompile>
    <ClCompile Include="Game\PolyModel.cpp">
      <Filter>Game</Filter>
    </ClCompile>
    <ClCompile Include="Game\Asteroid.cpp">
      <Filter>Game</Filter>
    </ClCompile>
    <ClCompile Include="Game\MovingObject.cpp">
      <Filter>Game</Filter>
    </ClCompile>
    <ClCompile Include="Game\SpaceMinerGame.cpp">
      <Filter>Game</Filter>
    </ClCompile>
    <ClCompile Include="Game\Player.cpp">
      <Filter>Game</Filter>
    </ClCompile>
    <ClCompile Include="Game\Bullet.cpp">
      <Filter>Game</Filter>
    </ClCompile>
    <ClCompile Include="Game\Particle.cpp">
      <Filter>Game</Filter>
    </ClCompile>
    <ClCompile Include="Game\Projectile.cpp">
      <Filter>Game</Filter>
    </ClCompile>
    <ClCompile Include="Game\Enemy.cpp">
      <Filter>Game</Filter>
    </ClCompile>
    <ClCompile Include="Game\Damageable.cpp">
      <Filter>Game</Filter>
    </ClCompile>
    <ClCompile Include="Game\Ore.cpp">
      <Filter>Game</Filter>
    </ClCompile>
    <ClCompile Include="Game\Missile.cpp">
      <Filter>Game</Filter>
    </ClCompile>
    <ClCompile Include="Game\SpaceStation.cpp">
      <Filter>Game</Filter>
    </ClCompile>
    <ClCompile Include="Math\Matrix33.cpp">
      <Filter>Math</Filter>
    </ClCompile>
  </ItemGroup>
</Project>